{
  "name": "plex-designer-vue2",
  "version": "1.0.0",
  "lockfileVersion": 1,
  "requires": true,
  "dependencies": {
    "lodash": {
      "version": "4.17.21",
      "resolved": "https://registry.npmmirror.com/lodash/-/lodash-4.17.21.tgz",
      "integrity": "sha512-v2kDEe57lecTulaDIuNTPy3Ry4gLGJ6Z1O3vE1krgXZNrsQ+LFTGHVxVjcXPs17LhbZVGedAJv8XZ1tvj5FvSg=="
    },
    "vue-json-pretty": {
      "version": "1.9.5",
      "resolved": "https://registry.npmmirror.com/vue-json-pretty/-/vue-json-pretty-1.9.5.tgz",
      "integrity": "sha512-fwbiH/ky/raX1D4MXRZZLFeKm157e9AkumMD7Y+djdLU1Sb0Tp5q2iOPvCnkWNzRpUfxx/zUjONUG+MIWsqx/w=="
    }
  }
}
